// !$*UTF8*$!
{
	archiveVersion = 1;
	classes = {
	};
	objectVersion = 46;
	objects = {

/* Begin PBXBuildFile section */
		624177B21B8E5A4900897A7A /* RNImageEditor.h in CopyFiles */ = {isa = PBXBuildFile; fileRef = 624177B11B8E5A4900897A7A /* RNImageEditor.h */; };
		624177B41B8E5A4900897A7A /* RNImageEditor.m in Sources */ = {isa = PBXBuildFile; fileRef = 624177B31B8E5A4900897A7A /* RNImageEditor.m */; };
		624177BA1B8E5A4900897A7A /* libRNImageEditor.a in Frameworks */ = {isa = PBXBuildFile; fileRef = 624177AE1B8E5A4900897A7A /* libRNImageEditor.a */; };
/* End PBXBuildFile section */

/* Begin PBXContainerItemProxy section */
		624177BB1B8E5A4900897A7A /* PBXContainerItemProxy */ = {
			isa = PBXContainerItemProxy;
			containerPortal = 624177A61B8E5A4900897A7A /* Project object */;
			proxyType = 1;
			remoteGlobalIDString = 624177AD1B8E5A4900897A7A;
			remoteInfo = RNImageEditor;
		};
/* End PBXContainerItemProxy section */

/* Begin PBXCopyFilesBuildPhase section */
		624177AC1B8E5A4900897A7A /* CopyFiles */ = {
			isa = PBXCopyFilesBuildPhase;
			buildActionMask = 2147483647;
			dstPath = "include/$(PRODUCT_NAME)";
			dstSubfolderSpec = 16;
			files = (
				624177B21B8E5A4900897A7A /* RNImageEditor.h in CopyFiles */,
			);
			runOnlyForDeploymentPostprocessing = 0;
		};
/* End PBXCopyFilesBuildPhase section */

/* Begin PBXFileReference section */
		624177AE1B8E5A4900897A7A /* libRNImageEditor.a */ = {isa = PBXFileReference; explicitFileType = archive.ar; includeInIndex = 0; path = libRNImageEditor.a; sourceTree = BUILT_PRODUCTS_DIR; };
		624177B11B8E5A4900897A7A /* RNImageEditor.h */ = {isa = PBXFileReference; lastKnownFileType = sourcecode.c.h; path = RNImageEditor.h; sourceTree = "<group>"; };
		624177B31B8E5A4900897A7A /* RNImageEditor.m */ = {isa = PBXFileReference; lastKnownFileType = sourcecode.c.objc; path = RNImageEditor.m; sourceTree = "<group>"; };
/* End PBXFileReference section */

/* Begin PBXFrameworksBuildPhase section */
		624177AB1B8E5A4900897A7A /* Frameworks */ = {
			isa = PBXFrameworksBuildPhase;
			buildActionMask = 2147483647;
			files = (
			);
			runOnlyForDeploymentPostprocessing = 0;
		};
		624177B61B8E5A4900897A7A /* Frameworks */ = {
			isa = PBXFrameworksBuildPhase;
			buildActionMask = 2147483647;
			files = (
				624177BA1B8E5A4900897A7A /* libRNImageEditor.a in Frameworks */,
			);
			runOnlyForDeploymentPostprocessing = 0;
		};
/* End PBXFrameworksBuildPhase section */

/* Begin PBXGroup section */
		624177A51B8E5A4900897A7A = {
			isa = PBXGroup;
			children = (
				624177B01B8E5A4900897A7A /* RNImageEditor */,
				624177AF1B8E5A4900897A7A /* Products */,
			);
			sourceTree = "<group>";
		};
		624177AF1B8E5A4900897A7A /* Products */ = {
			isa = PBXGroup;
			children = (
				624177AE1B8E5A4900897A7A /* libRNImageEditor.a */,
			);
			name = Products;
			sourceTree = "<group>";
		};
		624177B01B8E5A4900897A7A /* RNImageEditor */ = {
			isa = PBXGroup;
			children = (
				624177B11B8E5A4900897A7A /* RNImageEditor.h */,
				624177B31B8E5A4900897A7A /* RNImageEditor.m */,
			);
			path = RNImageEditor;
			sourceTree = "<group>";
		};
/* End PBXGroup section */

/* Begin PBXNativeTarget section */
		624177AD1B8E5A4900897A7A /* RNImageEditor */ = {
			isa = PBXNativeTarget;
			buildConfigurationList = 624177C21B8E5A4900897A7A /* Build configuration list for PBXNativeTarget "RNImageEditor" */;
			buildPhases = (
				624177AA1B8E5A4900897A7A /* Sources */,
				624177AB1B8E5A4900897A7A /* Frameworks */,
				624177AC1B8E5A4900897A7A /* CopyFiles */,
			);
			buildRules = (
			);
			dependencies = (
			);
			name = RNImageEditor;
			productName = RNImageEditor;
			productReference = 624177AE1B8E5A4900897A7A /* libRNImageEditor.a */;
			productType = "com.apple.product-type.library.static";
		};
/* End PBXNativeTarget section */

/* Begin PBXProject section */
		624177A61B8E5A4900897A7A /* Project object */ = {
			isa = PBXProject;
			attributes = {
				LastUpgradeCheck = 0640;
				ORGANIZATIONNAME = weimed;
				TargetAttributes = {
					624177AD1B8E5A4900897A7A = {
						CreatedOnToolsVersion = 6.4;
					};
					624177B81B8E5A4900897A7A = {
						CreatedOnToolsVersion = 6.4;
					};
				};
			};
			buildConfigurationList = 624177A91B8E5A4900897A7A /* Build configuration list for PBXProject "RNImageEditor" */;
			compatibilityVersion = "Xcode 3.2";
			developmentRegion = English;
			hasScannedForEncodings = 0;
			knownRegions = (
				en,
			);
			mainGroup = 624177A51B8E5A4900897A7A;
			productRefGroup = 624177AF1B8E5A4900897A7A /* Products */;
			projectDirPath = "";
			projectRoot = "";
			targets = (
				624177AD1B8E5A4900897A7A /* RNImageEditor */,
				624177B81B8E5A4900897A7A /* RNImageEditorTests */,
			);
		};
/* End PBXProject section */

/* Begin PBXResourcesBuildPhase section */
		624177B71B8E5A4900897A7A /* Resources */ = {
			isa = PBXResourcesBuildPhase;
			buildActionMask = 2147483647;
			files = (
			);
			runOnlyForDeploymentPostprocessing = 0;
		};
/* End PBXResourcesBuildPhase section */

/* Begin PBXSourcesBuildPhase section */
		624177AA1B8E5A4900897A7A /* Sources */ = {
			isa = PBXSourcesBuildPhase;
			buildActionMask = 2147483647;
			files = (
				624177B41B8E5A4900897A7A /* RNImageEditor.m in Sources */,
			);
			runOnlyForDeploymentPostprocessing = 0;
		};
		624177B51B8E5A4900897A7A /* Sources */ = {
			isa = PBXSourcesBuildPhase;
			buildActionMask = 2147483647;
			files = (
			);
			runOnlyForDeploymentPostprocessing = 0;
		};
/* End PBXSourcesBuildPhase section */

/* Begin PBXTargetDependency section */
		624177BC1B8E5A4900897A7A /* PBXTargetDependency */ = {
			isa = PBXTargetDependency;
			target = 624177AD1B8E5A4900897A7A /* RNImageEditor */;
			targetProxy = 624177BB1B8E5A4900897A7A /* PBXContainerItemProxy */;
		};
/* End PBXTargetDependency section */

/* Begin XCBuildConfiguration section */
		624177C01B8E5A4900897A7A /* Debug */ = {
			isa = XCBuildConfiguration;
			buildSettings = {
				ALWAYS_SEARCH_USER_PATHS = NO;
				CLANG_CXX_LANGUAGE_STANDARD = "gnu++0x";
				CLANG_CXX_LIBRARY = "libc++";
				CLANG_ENABLE_MODULES = YES;
				CLANG_ENABLE_OBJC_ARC = YES;
				CLANG_WARN_BOOL_CONVERSION = YES;
				CLANG_WARN_CONSTANT_CONVERSION = YES;
				CLANG_WARN_DIRECT_OBJC_ISA_USAGE = YES_ERROR;
				CLANG_WARN_EMPTY_BODY = YES;
				CLANG_WARN_ENUM_CONVERSION = YES;
				CLANG_WARN_INT_CONVERSION = YES;
				CLANG_WARN_OBJC_ROOT_CLASS = YES_ERROR;
				CLANG_WARN_UNREACHABLE_CODE = YES;
				CLANG_WARN__DUPLICATE_METHOD_MATCH = YES;
				COPY_PHASE_STRIP = NO;
				DEBUG_INFORMATION_FORMAT = "dwarf-with-dsym";
				ENABLE_STRICT_OBJC_MSGSEND = YES;
				GCC_C_LANGUAGE_STANDARD = gnu99;
				GCC_DYNAMIC_NO_PIC = NO;
				GCC_NO_COMMON_BLOCKS = YES;
				GCC_OPTIMIZATION_LEVEL = 0;
				GCC_PREPROCESSOR_DEFINITIONS = (
					"DEBUG=1",
					"$(inherited)",
				);
				GCC_SYMBOLS_PRIVATE_EXTERN = NO;
				GCC_WARN_64_TO_32_BIT_CONVERSION = YES;
				GCC_WARN_ABOUT_RETURN_TYPE = YES_ERROR;
				GCC_WARN_UNDECLARED_SELECTOR = YES;
				GCC_WARN_UNINITIALIZED_AUTOS = YES_AGGRESSIVE;
				GCC_WARN_UNUSED_FUNCTION = YES;
				GCC_WARN_UNUSED_VARIABLE = YES;
				IPHONEOS_DEPLOYMENT_TARGET = 8.4;
				MTL_ENABLE_DEBUG_INFO = YES;
				ONLY_ACTIVE_ARCH = YES;
				SDKROOT = iphoneos;
			};
			name = Debug;
		};
		624177C11B8E5A4900897A7A /* Release */ = {
			isa = XCBuildConfiguration;
			buildSettings = {
				ALWAYS_SEARCH_USER_PATHS = NO;
				CLANG_CXX_LANGUAGE_STANDARD = "gnu++0x";
				CLANG_CXX_LIBRARY = "libc++";
				CLANG_ENABLE_MODULES = YES;
				CLANG_ENABLE_OBJC_ARC = YES;
				CLANG_WARN_BOOL_CONVERSION = YES;
				CLANG_WARN_CONSTANT_CONVERSION = YES;
				CLANG_WARN_DIRECT_OBJC_ISA_USAGE = YES_ERROR;
				CLANG_WARN_EMPTY_BODY = YES;
				CLANG_WARN_ENUM_CONVERSION = YES;
				CLANG_WARN_INT_CONVERSION = YES;
				CLANG_WARN_OBJC_ROOT_CLASS = YES_ERROR;
				CLANG_WARN_UNREACHABLE_CODE = YES;
				CLANG_WARN__DUPLICATE_METHOD_MATCH = YES;
				COPY_PHASE_STRIP = NO;
				DEBUG_INFORMATION_FORMAT = "dwarf-with-dsym";
				ENABLE_NS_ASSERTIONS = NO;
				ENABLE_STRICT_OBJC_MSGSEND = YES;
				GCC_C_LANGUAGE_STANDARD = gnu99;
				GCC_NO_COMMON_BLOCKS = YES;
				GCC_WARN_64_TO_32_BIT_CONVERSION = YES;
				GCC_WARN_ABOUT_RETURN_TYPE = YES_ERROR;
				GCC_WARN_UNDECLARED_SELECTOR = YES;
				GCC_WARN_UNINITIALIZED_AUTOS = YES_AGGRESSIVE;
				GCC_WARN_UNUSED_FUNCTION = YES;
				GCC_WARN_UNUSED_VARIABLE = YES;
				IPHONEOS_DEPLOYMENT_TARGET = 8.4;
				MTL_ENABLE_DEBUG_INFO = NO;
				SDKROOT = iphoneos;
				VALIDATE_PRODUCT = YES;
			};
			name = Release;
		};
		624177C31B8E5A4900897A7A /* Debug */ = {
			isa = XCBuildConfiguration;
			buildSettings = {
				OTHER_LDFLAGS = "-ObjC";
				PRODUCT_NAME = "$(TARGET_NAME)";
				SKIP_INSTALL = YES;
			};
			name = Debug;
		};
		624177C41B8E5A4900897A7A /* Release */ = {
			isa = XCBuildConfiguration;
			buildSettings = {
				OTHER_LDFLAGS = "-ObjC";
				PRODUCT_NAME = "$(TARGET_NAME)";
				SKIP_INSTALL = YES;
			};
			name = Release;
		};
		624177C61B8E5A4900897A7A /* Debug */ = {
			isa = XCBuildConfiguration;
			buildSettings = {
				"CODE_SIGN_IDENTITY[sdk=iphoneos*]" = "iPhone Developer";
				FRAMEWORK_SEARCH_PATHS = (
					"$(SDKROOT)/Developer/Library/Frameworks",
					"$(inherited)",
				);
				GCC_PREPROCESSOR_DEFINITIONS = (
					"DEBUG=1",
					"$(inherited)",
				);
				INFOPLIST_FILE = RNImageEditorTests/Info.plist;
				LD_RUNPATH_SEARCH_PATHS = "$(inherited) @executable_path/Frameworks @loader_path/Frameworks";
				PRODUCT_NAME = "$(TARGET_NAME)";
			};
			name = Debug;
		};
		624177C71B8E5A4900897A7A /* Release */ = {
			isa = XCBuildConfiguration;
			buildSettings = {
				"CODE_SIGN_IDENTITY[sdk=iphoneos*]" = "iPhone Developer";
				FRAMEWORK_SEARCH_PATHS = (
					"$(SDKROOT)/Developer/Library/Frameworks",
					"$(inherited)",
				);
				INFOPLIST_FILE = RNImageEditorTests/Info.plist;
				LD_RUNPATH_SEARCH_PATHS = "$(inherited) @executable_path/Frameworks @loader_path/Frameworks";
				PRODUCT_NAME = "$(TARGET_NAME)";
			};
			name = Release;
		};
/* End XCBuildConfiguration section */

/* Begin XCConfigurationList section */
		624177A91B8E5A4900897A7A /* Build configuration list for PBXProject "RNImageEditor" */ = {
			isa = XCConfigurationList;
			buildConfigurations = (
				624177C01B8E5A4900897A7A /* Debug */,
				624177C11B8E5A4900897A7A /* Release */,
			);
			defaultConfigurationIsVisible = 0;
			defaultConfigurationName = Debug;
		};
		624177C21B8E5A4900897A7A /* Build configuration list for PBXNativeTarget "RNImageEditor" */ = {
			isa = XCConfigurationList;
			buildConfigurations = (
				624177C31B8E5A4900897A7A /* Debug */,
				624177C41B8E5A4900897A7A /* Release */,
			);
			defaultConfigurationIsVisible = 0;
			defaultConfigurationName = Debug;
		};
		624177C51B8E5A4900897A7A /* Build configuration list for PBXNativeTarget "RNImageEditorTests" */ = {
			isa = XCConfigurationList;
			buildConfigurations = (
				624177C61B8E5A4900897A7A /* Debug */,
				624177C71B8E5A4900897A7A /* Release */,
			);
			defaultConfigurationIsVisible = 0;
			defaultConfigurationName = Debug;
		};
/* End XCConfigurationList section */
	};
	rootObject = 624177A61B8E5A4900897A7A /* Project object */;
}
